
Microsoft Visual Studio Solution File, Format Version 12.00
# Visual Studio Version 18
VisualStudioVersion = 18.3.11310.294 d18.3
MinimumVisualStudioVersion = 10.0.40219.1
Project("{FAE04EC0-301F-11D3-BF4B-00C04F79EFBC}") = "Recursive Line Command Extraction", "Recursive Line Command Extraction\Recursive Line Command Extraction.csproj", "{BF20FFAD-AC6A-4247-B8C9-EAE5DC273425}"
EndProject
Global
	GlobalSection(SolutionConfigurationPlatforms) = preSolution
		Debug|Any CPU = Debug|Any CPU
		Release|Any CPU = Release|Any CPU
	EndGlobalSection
	GlobalSection(ProjectConfigurationPlatforms) = postSolution
		{BF20FFAD-AC6A-4247-B8C9-EAE5DC273425}.Debug|Any CPU.ActiveCfg = Debug|Any CPU
		{BF20FFAD-AC6A-4247-B8C9-EAE5DC273425}.Debug|Any CPU.Build.0 = Debug|Any CPU
		{BF20FFAD-AC6A-4247-B8C9-EAE5DC273425}.Release|Any CPU.ActiveCfg = Release|Any CPU
		{BF20FFAD-AC6A-4247-B8C9-EAE5DC273425}.Release|Any CPU.Build.0 = Release|Any CPU
	EndGlobalSection
	GlobalSection(SolutionProperties) = preSolution
		HideSolutionNode = FALSE
	EndGlobalSection
	GlobalSection(ExtensibilityGlobals) = postSolution
		SolutionGuid = {BC16C00B-3B36-41A2-B4B0-B9713CB164C1}
	EndGlobalSection
EndGlobal
